
Microsoft Visual Studio Solution File, Format Version 12.00
# Visual Studio Version 17
VisualStudioVersion = 17.10.35013.160
MinimumVisualStudioVersion = 10.0.40219.1
Project("{FAE04EC0-301F-11D3-BF4B-00C04F79EFBC}") = "AppHelper", "AppHelper\AppHelper.csproj", "{481EF5EE-EC51-4905-B448-7F7B4CDB0873}"
EndProject
Project("{FAE04EC0-301F-11D3-BF4B-00C04F79EFBC}") = "ClickOnceHelper", "ClickOnceHelper\ClickOnceHelper.csproj", "{95B872A9-E76B-4D4A-A235-ED6CE1EB62D0}"
EndProject
Global
	GlobalSection(SolutionConfigurationPlatforms) = preSolution
		Debug|Any CPU = Debug|Any CPU
		Release|Any CPU = Release|Any CPU
	EndGlobalSection
	GlobalSection(ProjectConfigurationPlatforms) = postSolution
		{481EF5EE-EC51-4905-B448-7F7B4CDB0873}.Debug|Any CPU.ActiveCfg = Debug|Any CPU
		{481EF5EE-EC51-4905-B448-7F7B4CDB0873}.Debug|Any CPU.Build.0 = Debug|Any CPU
		{481EF5EE-EC51-4905-B448-7F7B4CDB0873}.Release|Any CPU.ActiveCfg = Release|Any CPU
		{481EF5EE-EC51-4905-B448-7F7B4CDB0873}.Release|Any CPU.Build.0 = Release|Any CPU
		{95B872A9-E76B-4D4A-A235-ED6CE1EB62D0}.Debug|Any CPU.ActiveCfg = Debug|Any CPU
		{95B872A9-E76B-4D4A-A235-ED6CE1EB62D0}.Debug|Any CPU.Build.0 = Debug|Any CPU
		{95B872A9-E76B-4D4A-A235-ED6CE1EB62D0}.Release|Any CPU.ActiveCfg = Release|Any CPU
		{95B872A9-E76B-4D4A-A235-ED6CE1EB62D0}.Release|Any CPU.Build.0 = Release|Any CPU
	EndGlobalSection
	GlobalSection(SolutionProperties) = preSolution
		HideSolutionNode = FALSE
	EndGlobalSection
	GlobalSection(ExtensibilityGlobals) = postSolution
		SolutionGuid = {6D1E4893-3553-4877-916D-875E2221A471}
	EndGlobalSection
EndGlobal
